
Microsoft Visual Studio Solution File, Format Version 12.00
# Visual Studio 15
Project("{FAE04EC0-301F-11D3-BF4B-00C04F79EFBC}") = "Json test 0711", "Assembly-CSharp.csproj", "{F46F4B87-3788-6FF9-3B9C-F5F17446A015}"
EndProject
Project("{FAE04EC0-301F-11D3-BF4B-00C04F79EFBC}") = "Json test 0711", "Assembly-CSharp-Editor.csproj", "{146B5C7D-55DD-9A87-EE0E-662367DC0DF2}"
EndProject
Global
	GlobalSection(SolutionConfigurationPlatforms) = preSolution
		Debug|Any CPU = Debug|Any CPU
		Release|Any CPU = Release|Any CPU
	EndGlobalSection
	GlobalSection(ProjectConfigurationPlatforms) = postSolution
		{F46F4B87-3788-6FF9-3B9C-F5F17446A015}.Debug|Any CPU.ActiveCfg = Debug|Any CPU
		{F46F4B87-3788-6FF9-3B9C-F5F17446A015}.Debug|Any CPU.Build.0 = Debug|Any CPU
		{F46F4B87-3788-6FF9-3B9C-F5F17446A015}.Release|Any CPU.ActiveCfg = Release|Any CPU
		{F46F4B87-3788-6FF9-3B9C-F5F17446A015}.Release|Any CPU.Build.0 = Release|Any CPU
		{146B5C7D-55DD-9A87-EE0E-662367DC0DF2}.Debug|Any CPU.ActiveCfg = Debug|Any CPU
		{146B5C7D-55DD-9A87-EE0E-662367DC0DF2}.Debug|Any CPU.Build.0 = Debug|Any CPU
		{146B5C7D-55DD-9A87-EE0E-662367DC0DF2}.Release|Any CPU.ActiveCfg = Release|Any CPU
		{146B5C7D-55DD-9A87-EE0E-662367DC0DF2}.Release|Any CPU.Build.0 = Release|Any CPU
	EndGlobalSection
	GlobalSection(SolutionProperties) = preSolution
		HideSolutionNode = FALSE
	EndGlobalSection
EndGlobal
